# THIS IS AN AUTOGENERATED FILE. DO NOT EDIT THIS FILE DIRECTLY.
# yarn lockfile v1


tailwindcss@^4.3.2:
  version "4.3.2"
  resolved "https://registry.yarnpkg.com/tailwindcss/-/tailwindcss-4.3.2.tgz#408ee67d767a0fef7b174674bb9c5ce136a5ace1"
  integrity sha512-WtctNNSH8A9jlMIqxzuYumOHU5uGZyRv0Q5svQl+oEPy5w84YpBxdb7MdqyiSPQge5jTJ6zFQLq0PFygdccSBA==
